Microsoft Visual Studio Solution File, Format Version 12.00
# Visual Studio Version 18
VisualStudioVersion = 18.1.11312.151
MinimumVisualStudioVersion = 10.0.40219.1
Project("{FAE04EC0-301F-11D3-BF4B-00C04F79EFBC}") = "RLC.BricsCAD.Plugin", "RLC.BricsCAD.Plugin\RLC.BricsCAD.Plugin.csproj", "{9D47D2D1-7A77-4C37-9B2C-6C8D5F8D2C7A}"
EndProject
Project("{2150E333-8FDC-42A3-9474-1A3956D46DE8}") = "Projektmappenelemente", "Projektmappenelemente", "{897E4A5F-0F3D-4561-A2EB-EBC6C2C8E58C}"
EndProject
Global
	GlobalSection(SolutionConfigurationPlatforms) = preSolution
		Debug|Any CPU = Debug|Any CPU
		Debug|x64 = Debug|x64
		Release|Any CPU = Release|Any CPU
		Release|x64 = Release|x64
	EndGlobalSection
	GlobalSection(ProjectConfigurationPlatforms) = postSolution
		{9D47D2D1-7A77-4C37-9B2C-6C8D5F8D2C7A}.Debug|Any CPU.ActiveCfg = Debug|Any CPU
		{9D47D2D1-7A77-4C37-9B2C-6C8D5F8D2C7A}.Debug|Any CPU.Build.0 = Debug|Any CPU
		{9D47D2D1-7A77-4C37-9B2C-6C8D5F8D2C7A}.Debug|x64.ActiveCfg = Debug|x64
		{9D47D2D1-7A77-4C37-9B2C-6C8D5F8D2C7A}.Debug|x64.Build.0 = Debug|x64
		{9D47D2D1-7A77-4C37-9B2C-6C8D5F8D2C7A}.Release|Any CPU.ActiveCfg = Release|Any CPU
		{9D47D2D1-7A77-4C37-9B2C-6C8D5F8D2C7A}.Release|Any CPU.Build.0 = Release|Any CPU
		{9D47D2D1-7A77-4C37-9B2C-6C8D5F8D2C7A}.Release|x64.ActiveCfg = Release|x64
		{9D47D2D1-7A77-4C37-9B2C-6C8D5F8D2C7A}.Release|x64.Build.0 = Release|x64
	EndGlobalSection
	GlobalSection(SolutionProperties) = preSolution
		HideSolutionNode = FALSE
	EndGlobalSection
	GlobalSection(ExtensibilityGlobals) = postSolution
		SolutionGuid = {1FFE5A56-4ECD-4BF3-AFD1-BF772FA661ED}
	EndGlobalSection
EndGlobal
